
Microsoft Visual Studio Solution File, Format Version 12.00
# Visual Studio Version 17
VisualStudioVersion = 17.10.34607.79
MinimumVisualStudioVersion = 10.0.40219.1
Project("{FAE04EC0-301F-11D3-BF4B-00C04F79EFBC}") = "BaiTap2_64131060", "BaiTap2_64131060.csproj", "{4377BAEF-7E4D-4E6A-B054-CD06FD2C026C}"
EndProject
Global
	GlobalSection(SolutionConfigurationPlatforms) = preSolution
		Debug|Any CPU = Debug|Any CPU
		Release|Any CPU = Release|Any CPU
	EndGlobalSection
	GlobalSection(ProjectConfigurationPlatforms) = postSolution
		{4377BAEF-7E4D-4E6A-B054-CD06FD2C026C}.Debug|Any CPU.ActiveCfg = Debug|Any CPU
		{4377BAEF-7E4D-4E6A-B054-CD06FD2C026C}.Debug|Any CPU.Build.0 = Debug|Any CPU
		{4377BAEF-7E4D-4E6A-B054-CD06FD2C026C}.Release|Any CPU.ActiveCfg = Release|Any CPU
		{4377BAEF-7E4D-4E6A-B054-CD06FD2C026C}.Release|Any CPU.Build.0 = Release|Any CPU
	EndGlobalSection
	GlobalSection(SolutionProperties) = preSolution
		HideSolutionNode = FALSE
	EndGlobalSection
	GlobalSection(ExtensibilityGlobals) = postSolution
		SolutionGuid = {277549D1-49C7-4936-A729-4FDCEEC93A59}
	EndGlobalSection
EndGlobal
