
Microsoft Visual Studio Solution File, Format Version 12.00
# Visual Studio Version 17
VisualStudioVersion = 17.10.34607.79
MinimumVisualStudioVersion = 10.0.40219.1
Project("{FAE04EC0-301F-11D3-BF4B-00C04F79EFBC}") = "BaiTap6_64131060", "BaiTap6_64131060.csproj", "{D7A08BC1-F8BD-4965-A8C8-5C5B3A5DAFC4}"
EndProject
Global
	GlobalSection(SolutionConfigurationPlatforms) = preSolution
		Debug|Any CPU = Debug|Any CPU
		Release|Any CPU = Release|Any CPU
	EndGlobalSection
	GlobalSection(ProjectConfigurationPlatforms) = postSolution
		{D7A08BC1-F8BD-4965-A8C8-5C5B3A5DAFC4}.Debug|Any CPU.ActiveCfg = Debug|Any CPU
		{D7A08BC1-F8BD-4965-A8C8-5C5B3A5DAFC4}.Debug|Any CPU.Build.0 = Debug|Any CPU
		{D7A08BC1-F8BD-4965-A8C8-5C5B3A5DAFC4}.Release|Any CPU.ActiveCfg = Release|Any CPU
		{D7A08BC1-F8BD-4965-A8C8-5C5B3A5DAFC4}.Release|Any CPU.Build.0 = Release|Any CPU
	EndGlobalSection
	GlobalSection(SolutionProperties) = preSolution
		HideSolutionNode = FALSE
	EndGlobalSection
	GlobalSection(ExtensibilityGlobals) = postSolution
		SolutionGuid = {8DFBF4CF-1F12-48FF-937E-52CB84CBC105}
	EndGlobalSection
EndGlobal
